
Microsoft Visual Studio Solution File, Format Version 12.00
# Visual Studio Version 16
VisualStudioVersion = 16.0.30621.155
MinimumVisualStudioVersion = 10.0.40219.1
Project("{FAE04EC0-301F-11D3-BF4B-00C04F79EFBC}") = "Pr_8", "Pr_8\Pr_8.csproj", "{0EED06ED-B480-49E6-BCD0-53014A192C15}"
EndProject
Global
	GlobalSection(SolutionConfigurationPlatforms) = preSolution
		Debug|Any CPU = Debug|Any CPU
		Release|Any CPU = Release|Any CPU
	EndGlobalSection
	GlobalSection(ProjectConfigurationPlatforms) = postSolution
		{0EED06ED-B480-49E6-BCD0-53014A192C15}.Debug|Any CPU.ActiveCfg = Debug|Any CPU
		{0EED06ED-B480-49E6-BCD0-53014A192C15}.Debug|Any CPU.Build.0 = Debug|Any CPU
		{0EED06ED-B480-49E6-BCD0-53014A192C15}.Release|Any CPU.ActiveCfg = Release|Any CPU
		{0EED06ED-B480-49E6-BCD0-53014A192C15}.Release|Any CPU.Build.0 = Release|Any CPU
	EndGlobalSection
	GlobalSection(SolutionProperties) = preSolution
		HideSolutionNode = FALSE
	EndGlobalSection
	GlobalSection(ExtensibilityGlobals) = postSolution
		SolutionGuid = {22AC6F6E-3AB5-4DCF-B0CB-168DBE930E03}
	EndGlobalSection
EndGlobal
