
Microsoft Visual Studio Solution File, Format Version 12.00
# Visual Studio Version 16
VisualStudioVersion = 16.0.30621.155
MinimumVisualStudioVersion = 10.0.40219.1
Project("{FAE04EC0-301F-11D3-BF4B-00C04F79EFBC}") = "Pr_4", "Pr_4\Pr_4.csproj", "{871D138E-F1DB-47F1-900E-304043016A08}"
EndProject
Global
	GlobalSection(SolutionConfigurationPlatforms) = preSolution
		Debug|Any CPU = Debug|Any CPU
		Release|Any CPU = Release|Any CPU
	EndGlobalSection
	GlobalSection(ProjectConfigurationPlatforms) = postSolution
		{871D138E-F1DB-47F1-900E-304043016A08}.Debug|Any CPU.ActiveCfg = Debug|Any CPU
		{871D138E-F1DB-47F1-900E-304043016A08}.Debug|Any CPU.Build.0 = Debug|Any CPU
		{871D138E-F1DB-47F1-900E-304043016A08}.Release|Any CPU.ActiveCfg = Release|Any CPU
		{871D138E-F1DB-47F1-900E-304043016A08}.Release|Any CPU.Build.0 = Release|Any CPU
	EndGlobalSection
	GlobalSection(SolutionProperties) = preSolution
		HideSolutionNode = FALSE
	EndGlobalSection
	GlobalSection(ExtensibilityGlobals) = postSolution
		SolutionGuid = {C9260043-72D2-454E-8FA7-C28A4E689731}
	EndGlobalSection
EndGlobal
